
Microsoft Visual Studio Solution File, Format Version 12.00
# Visual Studio Version 16
VisualStudioVersion = 16.0.30804.86
MinimumVisualStudioVersion = 10.0.40219.1
Project("{FAE04EC0-301F-11D3-BF4B-00C04F79EFBC}") = "SingerAssemblies", "SingerAssemblies\SingerAssemblies.csproj", "{049E274F-3407-4C59-BA66-FAA4128225D9}"
EndProject
Project("{FAE04EC0-301F-11D3-BF4B-00C04F79EFBC}") = "SingerManager", "SingerManager\SingerManager.csproj", "{0D0DBDAA-35E5-4008-91A2-46924AE01F8B}"
EndProject
Global
	GlobalSection(SolutionConfigurationPlatforms) = preSolution
		Debug|Any CPU = Debug|Any CPU
		Release|Any CPU = Release|Any CPU
	EndGlobalSection
	GlobalSection(ProjectConfigurationPlatforms) = postSolution
		{049E274F-3407-4C59-BA66-FAA4128225D9}.Debug|Any CPU.ActiveCfg = Debug|Any CPU
		{049E274F-3407-4C59-BA66-FAA4128225D9}.Debug|Any CPU.Build.0 = Debug|Any CPU
		{049E274F-3407-4C59-BA66-FAA4128225D9}.Release|Any CPU.ActiveCfg = Release|Any CPU
		{049E274F-3407-4C59-BA66-FAA4128225D9}.Release|Any CPU.Build.0 = Release|Any CPU
		{0D0DBDAA-35E5-4008-91A2-46924AE01F8B}.Debug|Any CPU.ActiveCfg = Debug|Any CPU
		{0D0DBDAA-35E5-4008-91A2-46924AE01F8B}.Debug|Any CPU.Build.0 = Debug|Any CPU
		{0D0DBDAA-35E5-4008-91A2-46924AE01F8B}.Release|Any CPU.ActiveCfg = Release|Any CPU
		{0D0DBDAA-35E5-4008-91A2-46924AE01F8B}.Release|Any CPU.Build.0 = Release|Any CPU
	EndGlobalSection
	GlobalSection(SolutionProperties) = preSolution
		HideSolutionNode = FALSE
	EndGlobalSection
	GlobalSection(ExtensibilityGlobals) = postSolution
		SolutionGuid = {CA9C2523-3C1E-4CFC-9B8B-100114B13D25}
	EndGlobalSection
EndGlobal
